// !$*UTF8*$!
{
	archiveVersion = 1;
	classes = {
	};
	objectVersion = 50;
	objects = {

/* Begin PBXBuildFile section */
		213B0C9E221F9ABD008B272B /* AppDelegate.m in Sources */ = {isa = PBXBuildFile; fileRef = 213B0C9D221F9ABD008B272B /* AppDelegate.m */; };
		213B0CA1221F9ABD008B272B /* ViewController.m in Sources */ = {isa = PBXBuildFile; fileRef = 213B0CA0221F9ABD008B272B /* ViewController.m */; };
		213B0CA4221F9ABD008B272B /* Main.storyboard in Resources */ = {isa = PBXBuildFile; fileRef = 213B0CA2221F9ABD008B272B /* Main.storyboard */; };
		213B0CA6221F9ABD008B272B /* Assets.xcassets in Resources */ = {isa = PBXBuildFile; fileRef = 213B0CA5221F9ABD008B272B /* Assets.xcassets */; };
		213B0CA9221F9ABD008B272B /* LaunchScreen.storyboard in Resources */ = {isa = PBXBuildFile; fileRef = 213B0CA7221F9ABD008B272B /* LaunchScreen.storyboard */; };
		213B0CAC221F9ABD008B272B /* main.m in Sources */ = {isa = PBXBuildFile; fileRef = 213B0CAB221F9ABD008B272B /* main.m */; };
		213B0CB6221F9ABE008B272B /* runtimeTests.m in Sources */ = {isa = PBXBuildFile; fileRef = 213B0CB5221F9ABE008B272B /* runtimeTests.m */; };
		213B0CC1221F9ABE008B272B /* runtimeUITests.m in Sources */ = {isa = PBXBuildFile; fileRef = 213B0CC0221F9ABE008B272B /* runtimeUITests.m */; };
		213B0CD1221F9F62008B272B /* NSObject+Swizzling.m in Sources */ = {isa = PBXBuildFile; fileRef = 213B0CD0221F9F62008B272B /* NSObject+Swizzling.m */; };
		213B0CD4221FA2A4008B272B /* UIViewController+Swizzling.m in Sources */ = {isa = PBXBuildFile; fileRef = 213B0CD3221FA2A4008B272B /* UIViewController+Swizzling.m */; };
		213B0CD7221FA755008B272B /* NSMutableArray+Safe.m in Sources */ = {isa = PBXBuildFile; fileRef = 213B0CD6221FA755008B272B /* NSMutableArray+Safe.m */; };
		213B0CDA221FC7C0008B272B /* UIButton+Swizzling.m in Sources */ = {isa = PBXBuildFile; fileRef = 213B0CD9221FC7C0008B272B /* UIButton+Swizzling.m */; };
		213B0CDD221FCB68008B272B /* UINavigationController+Swizzling.m in Sources */ = {isa = PBXBuildFile; fileRef = 213B0CDC221FCB68008B272B /* UINavigationController+Swizzling.m */; };
		213B0CE1221FCF1C008B272B /* UITableView+Placeholder.m in Sources */ = {isa = PBXBuildFile; fileRef = 213B0CE0221FCF1C008B272B /* UITableView+Placeholder.m */; };
		213B0CE4221FCF48008B272B /* UICollectionView+Placeholder.m in Sources */ = {isa = PBXBuildFile; fileRef = 213B0CE3221FCF48008B272B /* UICollectionView+Placeholder.m */; };
		213B0CE7221FCF64008B272B /* PlaceholderView.m in Sources */ = {isa = PBXBuildFile; fileRef = 213B0CE6221FCF64008B272B /* PlaceholderView.m */; };
		213B0CEB221FDF52008B272B /* Student.m in Sources */ = {isa = PBXBuildFile; fileRef = 213B0CEA221FDF52008B272B /* Student.m */; };
		213B0CEE221FE2D4008B272B /* NSObject+Extension.m in Sources */ = {isa = PBXBuildFile; fileRef = 213B0CED221FE2D4008B272B /* NSObject+Extension.m */; };
		2158B377231E0B1D0019249C /* UnicodeInputChinese.m in Sources */ = {isa = PBXBuildFile; fileRef = 2158B376231E0B1D0019249C /* UnicodeInputChinese.m */; };
/* End PBXBuildFile section */

/* Begin PBXContainerItemProxy section */
		213B0CB2221F9ABE008B272B /* PBXContainerItemProxy */ = {
			isa = PBXContainerItemProxy;
			containerPortal = 213B0C91221F9ABD008B272B /* Project object */;
			proxyType = 1;
			remoteGlobalIDString = 213B0C98221F9ABD008B272B;
			remoteInfo = runtime;
		};
		213B0CBD221F9ABE008B272B /* PBXContainerItemProxy */ = {
			isa = PBXContainerItemProxy;
			containerPortal = 213B0C91221F9ABD008B272B /* Project object */;
			proxyType = 1;
			remoteGlobalIDString = 213B0C98221F9ABD008B272B;
			remoteInfo = runtime;
		};
/* End PBXContainerItemProxy section */

/* Begin PBXFileReference section */
		213B0C99221F9ABD008B272B /* runtime.app */ = {isa = PBXFileReference; explicitFileType = wrapper.application; includeInIndex = 0; path = runtime.app; sourceTree = BUILT_PRODUCTS_DIR; };
		213B0C9C221F9ABD008B272B /* AppDelegate.h */ = {isa = PBXFileReference; lastKnownFileType = sourcecode.c.h; path = AppDelegate.h; sourceTree = "<group>"; };
		213B0C9D221F9ABD008B272B /* AppDelegate.m */ = {isa = PBXFileReference; lastKnownFileType = sourcecode.c.objc; path = AppDelegate.m; sourceTree = "<group>"; };
		213B0C9F221F9ABD008B272B /* ViewController.h */ = {isa = PBXFileReference; lastKnownFileType = sourcecode.c.h; path = ViewController.h; sourceTree = "<group>"; };
		213B0CA0221F9ABD008B272B /* ViewController.m */ = {isa = PBXFileReference; lastKnownFileType = sourcecode.c.objc; path = ViewController.m; sourceTree = "<group>"; };
		213B0CA3221F9ABD008B272B /* Base */ = {isa = PBXFileReference; lastKnownFileType = file.storyboard; name = Base; path = Base.lproj/Main.storyboard; sourceTree = "<group>"; };
		213B0CA5221F9ABD008B272B /* Assets.xcassets */ = {isa = PBXFileReference; lastKnownFileType = folder.assetcatalog; path = Assets.xcassets; sourceTree = "<group>"; };
		213B0CA8221F9ABD008B272B /* Base */ = {isa = PBXFileReference; lastKnownFileType = file.storyboard; name = Base; path = Base.lproj/LaunchScreen.storyboard; sourceTree = "<group>"; };
		213B0CAA221F9ABD008B272B /* Info.plist */ = {isa = PBXFileReference; lastKnownFileType = text.plist.xml; path = Info.plist; sourceTree = "<group>"; };
		213B0CAB221F9ABD008B272B /* main.m */ = {isa = PBXFileReference; lastKnownFileType = sourcecode.c.objc; path = main.m; sourceTree = "<group>"; };
		213B0CB1221F9ABE008B272B /* runtimeTests.xctest */ = {isa = PBXFileReference; explicitFileType = wrapper.cfbundle; includeInIndex = 0; path = runtimeTests.xctest; sourceTree = BUILT_PRODUCTS_DIR; };
		213B0CB5221F9ABE008B272B /* runtimeTests.m */ = {isa = PBXFileReference; lastKnownFileType = sourcecode.c.objc; path = runtimeTests.m; sourceTree = "<group>"; };
		213B0CB7221F9ABE008B272B /* Info.plist */ = {isa = PBXFileReference; lastKnownFileType = text.plist.xml; path = Info.plist; sourceTree = "<group>"; };
		213B0CBC221F9ABE008B272B /* runtimeUITests.xctest */ = {isa = PBXFileReference; explicitFileType = wrapper.cfbundle; includeInIndex = 0; path = runtimeUITests.xctest; sourceTree = BUILT_PRODUCTS_DIR; };
		213B0CC0221F9ABE008B272B /* runtimeUITests.m */ = {isa = PBXFileReference; lastKnownFileType = sourcecode.c.objc; path = runtimeUITests.m; sourceTree = "<group>"; };
		213B0CC2221F9ABE008B272B /* Info.plist */ = {isa = PBXFileReference; lastKnownFileType = text.plist.xml; path = Info.plist; sourceTree = "<group>"; };
		213B0CCF221F9F62008B272B /* NSObject+Swizzling.h */ = {isa = PBXFileReference; lastKnownFileType = sourcecode.c.h; path = "NSObject+Swizzling.h"; sourceTree = "<group>"; };
		213B0CD0221F9F62008B272B /* NSObject+Swizzling.m */ = {isa = PBXFileReference; lastKnownFileType = sourcecode.c.objc; path = "NSObject+Swizzling.m"; sourceTree = "<group>"; };
		213B0CD2221FA2A4008B272B /* UIViewController+Swizzling.h */ = {isa = PBXFileReference; lastKnownFileType = sourcecode.c.h; path = "UIViewController+Swizzling.h"; sourceTree = "<group>"; };
		213B0CD3221FA2A4008B272B /* UIViewController+Swizzling.m */ = {isa = PBXFileReference; lastKnownFileType = sourcecode.c.objc; path = "UIViewController+Swizzling.m"; sourceTree = "<group>"; };
		213B0CD5221FA755008B272B /* NSMutableArray+Safe.h */ = {isa = PBXFileReference; lastKnownFileType = sourcecode.c.h; path = "NSMutableArray+Safe.h"; sourceTree = "<group>"; };
		213B0CD6221FA755008B272B /* NSMutableArray+Safe.m */ = {isa = PBXFileReference; lastKnownFileType = sourcecode.c.objc; path = "NSMutableArray+Safe.m"; sourceTree = "<group>"; };
		213B0CD8221FC7C0008B272B /* UIButton+Swizzling.h */ = {isa = PBXFileReference; lastKnownFileType = sourcecode.c.h; path = "UIButton+Swizzling.h"; sourceTree = "<group>"; };
		213B0CD9221FC7C0008B272B /* UIButton+Swizzling.m */ = {isa = PBXFileReference; lastKnownFileType = sourcecode.c.objc; path = "UIButton+Swizzling.m"; sourceTree = "<group>"; };
		213B0CDB221FCB68008B272B /* UINavigationController+Swizzling.h */ = {isa = PBXFileReference; lastKnownFileType = sourcecode.c.h; path = "UINavigationController+Swizzling.h"; sourceTree = "<group>"; };
		213B0CDC221FCB68008B272B /* UINavigationController+Swizzling.m */ = {isa = PBXFileReference; lastKnownFileType = sourcecode.c.objc; path = "UINavigationController+Swizzling.m"; sourceTree = "<group>"; };
		213B0CDF221FCF1C008B272B /* UITableView+Placeholder.h */ = {isa = PBXFileReference; lastKnownFileType = sourcecode.c.h; path = "UITableView+Placeholder.h"; sourceTree = "<group>"; };
		213B0CE0221FCF1C008B272B /* UITableView+Placeholder.m */ = {isa = PBXFileReference; lastKnownFileType = sourcecode.c.objc; path = "UITableView+Placeholder.m"; sourceTree = "<group>"; };
		213B0CE2221FCF48008B272B /* UICollectionView+Placeholder.h */ = {isa = PBXFileReference; lastKnownFileType = sourcecode.c.h; path = "UICollectionView+Placeholder.h"; sourceTree = "<group>"; };
		213B0CE3221FCF48008B272B /* UICollectionView+Placeholder.m */ = {isa = PBXFileReference; lastKnownFileType = sourcecode.c.objc; path = "UICollectionView+Placeholder.m"; sourceTree = "<group>"; };
		213B0CE5221FCF64008B272B /* PlaceholderView.h */ = {isa = PBXFileReference; lastKnownFileType = sourcecode.c.h; path = PlaceholderView.h; sourceTree = "<group>"; };
		213B0CE6221FCF64008B272B /* PlaceholderView.m */ = {isa = PBXFileReference; lastKnownFileType = sourcecode.c.objc; path = PlaceholderView.m; sourceTree = "<group>"; };
		213B0CE9221FDF52008B272B /* Student.h */ = {isa = PBXFileReference; lastKnownFileType = sourcecode.c.h; path = Student.h; sourceTree = "<group>"; };
		213B0CEA221FDF52008B272B /* Student.m */ = {isa = PBXFileReference; lastKnownFileType = sourcecode.c.objc; path = Student.m; sourceTree = "<group>"; };
		213B0CEC221FE2D4008B272B /* NSObject+Extension.h */ = {isa = PBXFileReference; lastKnownFileType = sourcecode.c.h; path = "NSObject+Extension.h"; sourceTree = "<group>"; };
		213B0CED221FE2D4008B272B /* NSObject+Extension.m */ = {isa = PBXFileReference; lastKnownFileType = sourcecode.c.objc; path = "NSObject+Extension.m"; sourceTree = "<group>"; };
		2158B375231E0B1D0019249C /* UnicodeInputChinese.h */ = {isa = PBXFileReference; lastKnownFileType = sourcecode.c.h; path = UnicodeInputChinese.h; sourceTree = "<group>"; };
		2158B376231E0B1D0019249C /* UnicodeInputChinese.m */ = {isa = PBXFileReference; lastKnownFileType = sourcecode.c.objc; path = UnicodeInputChinese.m; sourceTree = "<group>"; };
/* End PBXFileReference section */

/* Begin PBXFrameworksBuildPhase section */
		213B0C96221F9ABD008B272B /* Frameworks */ = {
			isa = PBXFrameworksBuildPhase;
			buildActionMask = 2147483647;
			files = (
			);
			runOnlyForDeploymentPostprocessing = 0;
		};
		213B0CAE221F9ABE008B272B /* Frameworks */ = {
			isa = PBXFrameworksBuildPhase;
			buildActionMask = 2147483647;
			files = (
			);
			runOnlyForDeploymentPostprocessing = 0;
		};
		213B0CB9221F9ABE008B272B /* Frameworks */ = {
			isa = PBXFrameworksBuildPhase;
			buildActionMask = 2147483647;
			files = (
			);
			runOnlyForDeploymentPostprocessing = 0;
		};
/* End PBXFrameworksBuildPhase section */

/* Begin PBXGroup section */
		213B0C90221F9ABD008B272B = {
			isa = PBXGroup;
			children = (
				213B0C9B221F9ABD008B272B /* runtime */,
				213B0CB4221F9ABE008B272B /* runtimeTests */,
				213B0CBF221F9ABE008B272B /* runtimeUITests */,
				213B0C9A221F9ABD008B272B /* Products */,
			);
			sourceTree = "<group>";
		};
		213B0C9A221F9ABD008B272B /* Products */ = {
			isa = PBXGroup;
			children = (
				213B0C99221F9ABD008B272B /* runtime.app */,
				213B0CB1221F9ABE008B272B /* runtimeTests.xctest */,
				213B0CBC221F9ABE008B272B /* runtimeUITests.xctest */,
			);
			name = Products;
			sourceTree = "<group>";
		};
		213B0C9B221F9ABD008B272B /* runtime */ = {
			isa = PBXGroup;
			children = (
				2158B374231E0ABB0019249C /* Unicode */,
				213B0CE8221FDE70008B272B /* Model */,
				213B0CDE221FCEEE008B272B /* NoDataPlaceholder */,
				213B0CCE221F9F42008B272B /* MethodSwizzling */,
				213B0C9C221F9ABD008B272B /* AppDelegate.h */,
				213B0C9D221F9ABD008B272B /* AppDelegate.m */,
				213B0C9F221F9ABD008B272B /* ViewController.h */,
				213B0CA0221F9ABD008B272B /* ViewController.m */,
				213B0CA2221F9ABD008B272B /* Main.storyboard */,
				213B0CA5221F9ABD008B272B /* Assets.xcassets */,
				213B0CA7221F9ABD008B272B /* LaunchScreen.storyboard */,
				213B0CAA221F9ABD008B272B /* Info.plist */,
				213B0CAB221F9ABD008B272B /* main.m */,
			);
			path = runtime;
			sourceTree = "<group>";
		};
		213B0CB4221F9ABE008B272B /* runtimeTests */ = {
			isa = PBXGroup;
			children = (
				213B0CB5221F9ABE008B272B /* runtimeTests.m */,
				213B0CB7221F9ABE008B272B /* Info.plist */,
			);
			path = runtimeTests;
			sourceTree = "<group>";
		};
		213B0CBF221F9ABE008B272B /* runtimeUITests */ = {
			isa = PBXGroup;
			children = (
				213B0CC0221F9ABE008B272B /* runtimeUITests.m */,
				213B0CC2221F9ABE008B272B /* Info.plist */,
			);
			path = runtimeUITests;
			sourceTree = "<group>";
		};
		213B0CCE221F9F42008B272B /* MethodSwizzling */ = {
			isa = PBXGroup;
			children = (
				213B0CCF221F9F62008B272B /* NSObject+Swizzling.h */,
				213B0CD0221F9F62008B272B /* NSObject+Swizzling.m */,
				213B0CD2221FA2A4008B272B /* UIViewController+Swizzling.h */,
				213B0CD3221FA2A4008B272B /* UIViewController+Swizzling.m */,
				213B0CD5221FA755008B272B /* NSMutableArray+Safe.h */,
				213B0CD6221FA755008B272B /* NSMutableArray+Safe.m */,
				213B0CD8221FC7C0008B272B /* UIButton+Swizzling.h */,
				213B0CD9221FC7C0008B272B /* UIButton+Swizzling.m */,
				213B0CDB221FCB68008B272B /* UINavigationController+Swizzling.h */,
				213B0CDC221FCB68008B272B /* UINavigationController+Swizzling.m */,
			);
			path = MethodSwizzling;
			sourceTree = "<group>";
		};
		213B0CDE221FCEEE008B272B /* NoDataPlaceholder */ = {
			isa = PBXGroup;
			children = (
				213B0CDF221FCF1C008B272B /* UITableView+Placeholder.h */,
				213B0CE0221FCF1C008B272B /* UITableView+Placeholder.m */,
				213B0CE2221FCF48008B272B /* UICollectionView+Placeholder.h */,
				213B0CE3221FCF48008B272B /* UICollectionView+Placeholder.m */,
				213B0CE5221FCF64008B272B /* PlaceholderView.h */,
				213B0CE6221FCF64008B272B /* PlaceholderView.m */,
			);
			path = NoDataPlaceholder;
			sourceTree = "<group>";
		};
		213B0CE8221FDE70008B272B /* Model */ = {
			isa = PBXGroup;
			children = (
				213B0CE9221FDF52008B272B /* Student.h */,
				213B0CEA221FDF52008B272B /* Student.m */,
				213B0CEC221FE2D4008B272B /* NSObject+Extension.h */,
				213B0CED221FE2D4008B272B /* NSObject+Extension.m */,
			);
			path = Model;
			sourceTree = "<group>";
		};
		2158B374231E0ABB0019249C /* Unicode */ = {
			isa = PBXGroup;
			children = (
				2158B375231E0B1D0019249C /* UnicodeInputChinese.h */,
				2158B376231E0B1D0019249C /* UnicodeInputChinese.m */,
			);
			path = Unicode;
			sourceTree = "<group>";
		};
/* End PBXGroup section */

/* Begin PBXNativeTarget section */
		213B0C98221F9ABD008B272B /* runtime */ = {
			isa = PBXNativeTarget;
			buildConfigurationList = 213B0CC5221F9ABE008B272B /* Build configuration list for PBXNativeTarget "runtime" */;
			buildPhases = (
				213B0C95221F9ABD008B272B /* Sources */,
				213B0C96221F9ABD008B272B /* Frameworks */,
				213B0C97221F9ABD008B272B /* Resources */,
			);
			buildRules = (
			);
			dependencies = (
			);
			name = runtime;
			productName = runtime;
			productReference = 213B0C99221F9ABD008B272B /* runtime.app */;
			productType = "com.apple.product-type.application";
		};
		213B0CB0221F9ABE008B272B /* runtimeTests */ = {
			isa = PBXNativeTarget;
			buildConfigurationList = 213B0CC8221F9ABE008B272B /* Build configuration list for PBXNativeTarget "runtimeTests" */;
			buildPhases = (
				213B0CAD221F9ABE008B272B /* Sources */,
				213B0CAE221F9ABE008B272B /* Frameworks */,
				213B0CAF221F9ABE008B272B /* Resources */,
			);
			buildRules = (
			);
			dependencies = (
				213B0CB3221F9ABE008B272B /* PBXTargetDependency */,
			);
			name = runtimeTests;
			productName = runtimeTests;
			productReference = 213B0CB1221F9ABE008B272B /* runtimeTests.xctest */;
			productType = "com.apple.product-type.bundle.unit-test";
		};
		213B0CBB221F9ABE008B272B /* runtimeUITests */ = {
			isa = PBXNativeTarget;
			buildConfigurationList = 213B0CCB221F9ABE008B272B /* Build configuration list for PBXNativeTarget "runtimeUITests" */;
			buildPhases = (
				213B0CB8221F9ABE008B272B /* Sources */,
				213B0CB9221F9ABE008B272B /* Frameworks */,
				213B0CBA221F9ABE008B272B /* Resources */,
			);
			buildRules = (
			);
			dependencies = (
				213B0CBE221F9ABE008B272B /* PBXTargetDependency */,
			);
			name = runtimeUITests;
			productName = runtimeUITests;
			productReference = 213B0CBC221F9ABE008B272B /* runtimeUITests.xctest */;
			productType = "com.apple.product-type.bundle.ui-testing";
		};
/* End PBXNativeTarget section */

/* Begin PBXProject section */
		213B0C91221F9ABD008B272B /* Project object */ = {
			isa = PBXProject;
			attributes = {
				LastUpgradeCheck = 1010;
				ORGANIZATIONNAME = zhaoyuntian;
				TargetAttributes = {
					213B0C98221F9ABD008B272B = {
						CreatedOnToolsVersion = 10.1;
					};
					213B0CB0221F9ABE008B272B = {
						CreatedOnToolsVersion = 10.1;
						TestTargetID = 213B0C98221F9ABD008B272B;
					};
					213B0CBB221F9ABE008B272B = {
						CreatedOnToolsVersion = 10.1;
						TestTargetID = 213B0C98221F9ABD008B272B;
					};
				};
			};
			buildConfigurationList = 213B0C94221F9ABD008B272B /* Build configuration list for PBXProject "runtime" */;
			compatibilityVersion = "Xcode 9.3";
			developmentRegion = en;
			hasScannedForEncodings = 0;
			knownRegions = (
				en,
				Base,
			);
			mainGroup = 213B0C90221F9ABD008B272B;
			productRefGroup = 213B0C9A221F9ABD008B272B /* Products */;
			projectDirPath = "";
			projectRoot = "";
			targets = (
				213B0C98221F9ABD008B272B /* runtime */,
				213B0CB0221F9ABE008B272B /* runtimeTests */,
				213B0CBB221F9ABE008B272B /* runtimeUITests */,
			);
		};
/* End PBXProject section */

/* Begin PBXResourcesBuildPhase section */
		213B0C97221F9ABD008B272B /* Resources */ = {
			isa = PBXResourcesBuildPhase;
			buildActionMask = 2147483647;
			files = (
				213B0CA9221F9ABD008B272B /* LaunchScreen.storyboard in Resources */,
				213B0CA6221F9ABD008B272B /* Assets.xcassets in Resources */,
				213B0CA4221F9ABD008B272B /* Main.storyboard in Resources */,
			);
			runOnlyForDeploymentPostprocessing = 0;
		};
		213B0CAF221F9ABE008B272B /* Resources */ = {
			isa = PBXResourcesBuildPhase;
			buildActionMask = 2147483647;
			files = (
			);
			runOnlyForDeploymentPostprocessing = 0;
		};
		213B0CBA221F9ABE008B272B /* Resources */ = {
			isa = PBXResourcesBuildPhase;
			buildActionMask = 2147483647;
			files = (
			);
			runOnlyForDeploymentPostprocessing = 0;
		};
/* End PBXResourcesBuildPhase section */

/* Begin PBXSourcesBuildPhase section */
		213B0C95221F9ABD008B272B /* Sources */ = {
			isa = PBXSourcesBuildPhase;
			buildActionMask = 2147483647;
			files = (
				213B0CA1221F9ABD008B272B /* ViewController.m in Sources */,
				213B0CEE221FE2D4008B272B /* NSObject+Extension.m in Sources */,
				213B0CAC221F9ABD008B272B /* main.m in Sources */,
				213B0CE4221FCF48008B272B /* UICollectionView+Placeholder.m in Sources */,
				213B0CD7221FA755008B272B /* NSMutableArray+Safe.m in Sources */,
				213B0C9E221F9ABD008B272B /* AppDelegate.m in Sources */,
				213B0CD4221FA2A4008B272B /* UIViewController+Swizzling.m in Sources */,
				213B0CDA221FC7C0008B272B /* UIButton+Swizzling.m in Sources */,
				213B0CE7221FCF64008B272B /* PlaceholderView.m in Sources */,
				213B0CD1221F9F62008B272B /* NSObject+Swizzling.m in Sources */,
				2158B377231E0B1D0019249C /* UnicodeInputChinese.m in Sources */,
				213B0CDD221FCB68008B272B /* UINavigationController+Swizzling.m in Sources */,
				213B0CE1221FCF1C008B272B /* UITableView+Placeholder.m in Sources */,
				213B0CEB221FDF52008B272B /* Student.m in Sources */,
			);
			runOnlyForDeploymentPostprocessing = 0;
		};
		213B0CAD221F9ABE008B272B /* Sources */ = {
			isa = PBXSourcesBuildPhase;
			buildActionMask = 2147483647;
			files = (
				213B0CB6221F9ABE008B272B /* runtimeTests.m in Sources */,
			);
			runOnlyForDeploymentPostprocessing = 0;
		};
		213B0CB8221F9ABE008B272B /* Sources */ = {
			isa = PBXSourcesBuildPhase;
			buildActionMask = 2147483647;
			files = (
				213B0CC1221F9ABE008B272B /* runtimeUITests.m in Sources */,
			);
			runOnlyForDeploymentPostprocessing = 0;
		};
/* End PBXSourcesBuildPhase section */

/* Begin PBXTargetDependency section */
		213B0CB3221F9ABE008B272B /* PBXTargetDependency */ = {
			isa = PBXTargetDependency;
			target = 213B0C98221F9ABD008B272B /* runtime */;
			targetProxy = 213B0CB2221F9ABE008B272B /* PBXContainerItemProxy */;
		};
		213B0CBE221F9ABE008B272B /* PBXTargetDependency */ = {
			isa = PBXTargetDependency;
			target = 213B0C98221F9ABD008B272B /* runtime */;
			targetProxy = 213B0CBD221F9ABE008B272B /* PBXContainerItemProxy */;
		};
/* End PBXTargetDependency section */

/* Begin PBXVariantGroup section */
		213B0CA2221F9ABD008B272B /* Main.storyboard */ = {
			isa = PBXVariantGroup;
			children = (
				213B0CA3221F9ABD008B272B /* Base */,
			);
			name = Main.storyboard;
			sourceTree = "<group>";
		};
		213B0CA7221F9ABD008B272B /* LaunchScreen.storyboard */ = {
			isa = PBXVariantGroup;
			children = (
				213B0CA8221F9ABD008B272B /* Base */,
			);
			name = LaunchScreen.storyboard;
			sourceTree = "<group>";
		};
/* End PBXVariantGroup section */

/* Begin XCBuildConfiguration section */
		213B0CC3221F9ABE008B272B /* Debug */ = {
			isa = XCBuildConfiguration;
			buildSettings = {
				ALWAYS_SEARCH_USER_PATHS = NO;
				CLANG_ANALYZER_NONNULL = YES;
				CLANG_ANALYZER_NUMBER_OBJECT_CONVERSION = YES_AGGRESSIVE;
				CLANG_CXX_LANGUAGE_STANDARD = "gnu++14";
				CLANG_CXX_LIBRARY = "libc++";
				CLANG_ENABLE_MODULES = YES;
				CLANG_ENABLE_OBJC_ARC = YES;
				CLANG_ENABLE_OBJC_WEAK = YES;
				CLANG_WARN_BLOCK_CAPTURE_AUTORELEASING = YES;
				CLANG_WARN_BOOL_CONVERSION = YES;
				CLANG_WARN_COMMA = YES;
				CLANG_WARN_CONSTANT_CONVERSION = YES;
				CLANG_WARN_DEPRECATED_OBJC_IMPLEMENTATIONS = YES;
				CLANG_WARN_DIRECT_OBJC_ISA_USAGE = YES_ERROR;
				CLANG_WARN_DOCUMENTATION_COMMENTS = YES;
				CLANG_WARN_EMPTY_BODY = YES;
				CLANG_WARN_ENUM_CONVERSION = YES;
				CLANG_WARN_INFINITE_RECURSION = YES;
				CLANG_WARN_INT_CONVERSION = YES;
				CLANG_WARN_NON_LITERAL_NULL_CONVERSION = YES;
				CLANG_WARN_OBJC_IMPLICIT_RETAIN_SELF = YES;
				CLANG_WARN_OBJC_LITERAL_CONVERSION = YES;
				CLANG_WARN_OBJC_ROOT_CLASS = YES_ERROR;
				CLANG_WARN_RANGE_LOOP_ANALYSIS = YES;
				CLANG_WARN_STRICT_PROTOTYPES = YES;
				CLANG_WARN_SUSPICIOUS_MOVE = YES;
				CLANG_WARN_UNGUARDED_AVAILABILITY = YES_AGGRESSIVE;
				CLANG_WARN_UNREACHABLE_CODE = YES;
				CLANG_WARN__DUPLICATE_METHOD_MATCH = YES;
				CODE_SIGN_IDENTITY = "iPhone Developer";
				COPY_PHASE_STRIP = NO;
				DEBUG_INFORMATION_FORMAT = dwarf;
				ENABLE_STRICT_OBJC_MSGSEND = YES;
				ENABLE_TESTABILITY = YES;
				GCC_C_LANGUAGE_STANDARD = gnu11;
				GCC_DYNAMIC_NO_PIC = NO;
				GCC_NO_COMMON_BLOCKS = YES;
				GCC_OPTIMIZATION_LEVEL = 0;
				GCC_PREPROCESSOR_DEFINITIONS = (
					"DEBUG=1",
					"$(inherited)",
				);
				GCC_WARN_64_TO_32_BIT_CONVERSION = YES;
				GCC_WARN_ABOUT_RETURN_TYPE = YES_ERROR;
				GCC_WARN_UNDECLARED_SELECTOR = YES;
				GCC_WARN_UNINITIALIZED_AUTOS = YES_AGGRESSIVE;
				GCC_WARN_UNUSED_FUNCTION = YES;
				GCC_WARN_UNUSED_VARIABLE = YES;
				IPHONEOS_DEPLOYMENT_TARGET = 12.1;
				MTL_ENABLE_DEBUG_INFO = INCLUDE_SOURCE;
				MTL_FAST_MATH = YES;
				ONLY_ACTIVE_ARCH = YES;
				SDKROOT = iphoneos;
			};
			name = Debug;
		};
		213B0CC4221F9ABE008B272B /* Release */ = {
			isa = XCBuildConfiguration;
			buildSettings = {
				ALWAYS_SEARCH_USER_PATHS = NO;
				CLANG_ANALYZER_NONNULL = YES;
				CLANG_ANALYZER_NUMBER_OBJECT_CONVERSION = YES_AGGRESSIVE;
				CLANG_CXX_LANGUAGE_STANDARD = "gnu++14";
				CLANG_CXX_LIBRARY = "libc++";
				CLANG_ENABLE_MODULES = YES;
				CLANG_ENABLE_OBJC_ARC = YES;
				CLANG_ENABLE_OBJC_WEAK = YES;
				CLANG_WARN_BLOCK_CAPTURE_AUTORELEASING = YES;
				CLANG_WARN_BOOL_CONVERSION = YES;
				CLANG_WARN_COMMA = YES;
				CLANG_WARN_CONSTANT_CONVERSION = YES;
				CLANG_WARN_DEPRECATED_OBJC_IMPLEMENTATIONS = YES;
				CLANG_WARN_DIRECT_OBJC_ISA_USAGE = YES_ERROR;
				CLANG_WARN_DOCUMENTATION_COMMENTS = YES;
				CLANG_WARN_EMPTY_BODY = YES;
				CLANG_WARN_ENUM_CONVERSION = YES;
				CLANG_WARN_INFINITE_RECURSION = YES;
				CLANG_WARN_INT_CONVERSION = YES;
				CLANG_WARN_NON_LITERAL_NULL_CONVERSION = YES;
				CLANG_WARN_OBJC_IMPLICIT_RETAIN_SELF = YES;
				CLANG_WARN_OBJC_LITERAL_CONVERSION = YES;
				CLANG_WARN_OBJC_ROOT_CLASS = YES_ERROR;
				CLANG_WARN_RANGE_LOOP_ANALYSIS = YES;
				CLANG_WARN_STRICT_PROTOTYPES = YES;
				CLANG_WARN_SUSPICIOUS_MOVE = YES;
				CLANG_WARN_UNGUARDED_AVAILABILITY = YES_AGGRESSIVE;
				CLANG_WARN_UNREACHABLE_CODE = YES;
				CLANG_WARN__DUPLICATE_METHOD_MATCH = YES;
				CODE_SIGN_IDENTITY = "iPhone Developer";
				COPY_PHASE_STRIP = NO;
				DEBUG_INFORMATION_FORMAT = "dwarf-with-dsym";
				ENABLE_NS_ASSERTIONS = NO;
				ENABLE_STRICT_OBJC_MSGSEND = YES;
				GCC_C_LANGUAGE_STANDARD = gnu11;
				GCC_NO_COMMON_BLOCKS = YES;
				GCC_WARN_64_TO_32_BIT_CONVERSION = YES;
				GCC_WARN_ABOUT_RETURN_TYPE = YES_ERROR;
				GCC_WARN_UNDECLARED_SELECTOR = YES;
				GCC_WARN_UNINITIALIZED_AUTOS = YES_AGGRESSIVE;
				GCC_WARN_UNUSED_FUNCTION = YES;
				GCC_WARN_UNUSED_VARIABLE = YES;
				IPHONEOS_DEPLOYMENT_TARGET = 12.1;
				MTL_ENABLE_DEBUG_INFO = NO;
				MTL_FAST_MATH = YES;
				SDKROOT = iphoneos;
				VALIDATE_PRODUCT = YES;
			};
			name = Release;
		};
		213B0CC6221F9ABE008B272B /* Debug */ = {
			isa = XCBuildConfiguration;
			buildSettings = {
				ASSETCATALOG_COMPILER_APPICON_NAME = AppIcon;
				CODE_SIGN_STYLE = Automatic;
				DEVELOPMENT_TEAM = 5NRQ4N8RX3;
				INFOPLIST_FILE = runtime/Info.plist;
				IPHONEOS_DEPLOYMENT_TARGET = 8.0;
				LD_RUNPATH_SEARCH_PATHS = (
					"$(inherited)",
					"@executable_path/Frameworks",
				);
				PRODUCT_BUNDLE_IDENTIFIER = com.zhaoyuntian.runtime;
				PRODUCT_NAME = "$(TARGET_NAME)";
				TARGETED_DEVICE_FAMILY = "1,2";
			};
			name = Debug;
		};
		213B0CC7221F9ABE008B272B /* Release */ = {
			isa = XCBuildConfiguration;
			buildSettings = {
				ASSETCATALOG_COMPILER_APPICON_NAME = AppIcon;
				CODE_SIGN_STYLE = Automatic;
				DEVELOPMENT_TEAM = 5NRQ4N8RX3;
				INFOPLIST_FILE = runtime/Info.plist;
				IPHONEOS_DEPLOYMENT_TARGET = 8.0;
				LD_RUNPATH_SEARCH_PATHS = (
					"$(inherited)",
					"@executable_path/Frameworks",
				);
				PRODUCT_BUNDLE_IDENTIFIER = com.zhaoyuntian.runtime;
				PRODUCT_NAME = "$(TARGET_NAME)";
				TARGETED_DEVICE_FAMILY = "1,2";
			};
			name = Release;
		};
		213B0CC9221F9ABE008B272B /* Debug */ = {
			isa = XCBuildConfiguration;
			buildSettings = {
				BUNDLE_LOADER = "$(TEST_HOST)";
				CODE_SIGN_STYLE = Automatic;
				DEVELOPMENT_TEAM = 5NRQ4N8RX3;
				INFOPLIST_FILE = runtimeTests/Info.plist;
				LD_RUNPATH_SEARCH_PATHS = (
					"$(inherited)",
					"@executable_path/Frameworks",
					"@loader_path/Frameworks",
				);
				PRODUCT_BUNDLE_IDENTIFIER = com.zhaoyuntian.runtimeTests;
				PRODUCT_NAME = "$(TARGET_NAME)";
				TARGETED_DEVICE_FAMILY = "1,2";
				TEST_HOST = "$(BUILT_PRODUCTS_DIR)/runtime.app/runtime";
			};
			name = Debug;
		};
		213B0CCA221F9ABE008B272B /* Release */ = {
			isa = XCBuildConfiguration;
			buildSettings = {
				BUNDLE_LOADER = "$(TEST_HOST)";
				CODE_SIGN_STYLE = Automatic;
				DEVELOPMENT_TEAM = 5NRQ4N8RX3;
				INFOPLIST_FILE = runtimeTests/Info.plist;
				LD_RUNPATH_SEARCH_PATHS = (
					"$(inherited)",
					"@executable_path/Frameworks",
					"@loader_path/Frameworks",
				);
				PRODUCT_BUNDLE_IDENTIFIER = com.zhaoyuntian.runtimeTests;
				PRODUCT_NAME = "$(TARGET_NAME)";
				TARGETED_DEVICE_FAMILY = "1,2";
				TEST_HOST = "$(BUILT_PRODUCTS_DIR)/runtime.app/runtime";
			};
			name = Release;
		};
		213B0CCC221F9ABE008B272B /* Debug */ = {
			isa = XCBuildConfiguration;
			buildSettings = {
				CODE_SIGN_STYLE = Automatic;
				DEVELOPMENT_TEAM = 5NRQ4N8RX3;
				INFOPLIST_FILE = runtimeUITests/Info.plist;
				LD_RUNPATH_SEARCH_PATHS = (
					"$(inherited)",
					"@executable_path/Frameworks",
					"@loader_path/Frameworks",
				);
				PRODUCT_BUNDLE_IDENTIFIER = com.zhaoyuntian.runtimeUITests;
				PRODUCT_NAME = "$(TARGET_NAME)";
				TARGETED_DEVICE_FAMILY = "1,2";
				TEST_TARGET_NAME = runtime;
			};
			name = Debug;
		};
		213B0CCD221F9ABE008B272B /* Release */ = {
			isa = XCBuildConfiguration;
			buildSettings = {
				CODE_SIGN_STYLE = Automatic;
				DEVELOPMENT_TEAM = 5NRQ4N8RX3;
				INFOPLIST_FILE = runtimeUITests/Info.plist;
				LD_RUNPATH_SEARCH_PATHS = (
					"$(inherited)",
					"@executable_path/Frameworks",
					"@loader_path/Frameworks",
				);
				PRODUCT_BUNDLE_IDENTIFIER = com.zhaoyuntian.runtimeUITests;
				PRODUCT_NAME = "$(TARGET_NAME)";
				TARGETED_DEVICE_FAMILY = "1,2";
				TEST_TARGET_NAME = runtime;
			};
			name = Release;
		};
/* End XCBuildConfiguration section */

/* Begin XCConfigurationList section */
		213B0C94221F9ABD008B272B /* Build configuration list for PBXProject "runtime" */ = {
			isa = XCConfigurationList;
			buildConfigurations = (
				213B0CC3221F9ABE008B272B /* Debug */,
				213B0CC4221F9ABE008B272B /* Release */,
			);
			defaultConfigurationIsVisible = 0;
			defaultConfigurationName = Release;
		};
		213B0CC5221F9ABE008B272B /* Build configuration list for PBXNativeTarget "runtime" */ = {
			isa = XCConfigurationList;
			buildConfigurations = (
				213B0CC6221F9ABE008B272B /* Debug */,
				213B0CC7221F9ABE008B272B /* Release */,
			);
			defaultConfigurationIsVisible = 0;
			defaultConfigurationName = Release;
		};
		213B0CC8221F9ABE008B272B /* Build configuration list for PBXNativeTarget "runtimeTests" */ = {
			isa = XCConfigurationList;
			buildConfigurations = (
				213B0CC9221F9ABE008B272B /* Debug */,
				213B0CCA221F9ABE008B272B /* Release */,
			);
			defaultConfigurationIsVisible = 0;
			defaultConfigurationName = Release;
		};
		213B0CCB221F9ABE008B272B /* Build configuration list for PBXNativeTarget "runtimeUITests" */ = {
			isa = XCConfigurationList;
			buildConfigurations = (
				213B0CCC221F9ABE008B272B /* Debug */,
				213B0CCD221F9ABE008B272B /* Release */,
			);
			defaultConfigurationIsVisible = 0;
			defaultConfigurationName = Release;
		};
/* End XCConfigurationList section */
	};
	rootObject = 213B0C91221F9ABD008B272B /* Project object */;
}
